{
  "pins" : [
    {
      "identity" : "dldfoundation",
      "kind" : "remoteSourceControl",
      "location" : "https://github.com/diliedevs/DLDFoundation",
      "state" : {
        "revision" : "1a68f2cd8586bd9d54c9f4a322100d53a00cd570",
        "version" : "1.5.6"
      }
    },
    {
      "identity" : "swift-system",
      "kind" : "remoteSourceControl",
      "location" : "https://github.com/apple/swift-system.git",
      "state" : {
        "revision" : "025bcb1165deab2e20d4eaba79967ce73013f496",
        "version" : "1.2.1"
      }
    }
  ],
  "version" : 2
}
